// !$*UTF8*$!
{
	archiveVersion = 1;
	classes = {
	};
	objectVersion = 48;
	objects = {

/* Begin PBXBuildFile section */
		551C255E205F0AA4007D8987 /* AppDelegate.m in Sources */ = {isa = PBXBuildFile; fileRef = 551C255D205F0AA4007D8987 /* AppDelegate.m */; };
		551C2561205F0AA4007D8987 /* RootViewController.m in Sources */ = {isa = PBXBuildFile; fileRef = 551C2560205F0AA4007D8987 /* RootViewController.m */; };
		551C2564205F0AA4007D8987 /* DataViewController.m in Sources */ = {isa = PBXBuildFile; fileRef = 551C2563205F0AA4007D8987 /* DataViewController.m */; };
		551C2567205F0AA4007D8987 /* ModelController.m in Sources */ = {isa = PBXBuildFile; fileRef = 551C2566205F0AA4007D8987 /* ModelController.m */; };
		551C256A205F0AA4007D8987 /* Main.storyboard in Resources */ = {isa = PBXBuildFile; fileRef = 551C2568205F0AA4007D8987 /* Main.storyboard */; };
		551C256C205F0AA4007D8987 /* Assets.xcassets in Resources */ = {isa = PBXBuildFile; fileRef = 551C256B205F0AA4007D8987 /* Assets.xcassets */; };
		551C256F205F0AA4007D8987 /* LaunchScreen.storyboard in Resources */ = {isa = PBXBuildFile; fileRef = 551C256D205F0AA4007D8987 /* LaunchScreen.storyboard */; };
		551C2572205F0AA4007D8987 /* main.m in Sources */ = {isa = PBXBuildFile; fileRef = 551C2571205F0AA4007D8987 /* main.m */; };
		551C2580205F1DCC007D8987 /* GameView.m in Sources */ = {isa = PBXBuildFile; fileRef = 551C2578205F1DC7007D8987 /* GameView.m */; };
		551C2581205F1DCC007D8987 /* MapScrollView.m in Sources */ = {isa = PBXBuildFile; fileRef = 551C2579205F1DC8007D8987 /* MapScrollView.m */; };
		551C2583205F1DCC007D8987 /* MapView.m in Sources */ = {isa = PBXBuildFile; fileRef = 551C257F205F1DCC007D8987 /* MapView.m */; };
		551C2586205F6B0E007D8987 /* Globals.m in Sources */ = {isa = PBXBuildFile; fileRef = 551C2584205F6B0D007D8987 /* Globals.m */; };
		557680CD206200F600F88B18 /* Grid View.m in Sources */ = {isa = PBXBuildFile; fileRef = 557680CB206200F400F88B18 /* Grid View.m */; };
		557680D02062036600F88B18 /* Envelope.m in Sources */ = {isa = PBXBuildFile; fileRef = 557680CF2062036600F88B18 /* Envelope.m */; };
		557680D32062078400F88B18 /* UnitView.m in Sources */ = {isa = PBXBuildFile; fileRef = 557680D12062078200F88B18 /* UnitView.m */; };
		557680D62063338500F88B18 /* UnitInventory.m in Sources */ = {isa = PBXBuildFile; fileRef = 557680D42063338500F88B18 /* UnitInventory.m */; };
		557680D920633D3200F88B18 /* AvailTech.m in Sources */ = {isa = PBXBuildFile; fileRef = 557680D820633D3200F88B18 /* AvailTech.m */; };
		557680E020634D0000F88B18 /* AppStatusBarView.m in Sources */ = {isa = PBXBuildFile; fileRef = 557680DA20634CFD00F88B18 /* AppStatusBarView.m */; };
		557680E120634D0000F88B18 /* AppStatusItem.m in Sources */ = {isa = PBXBuildFile; fileRef = 557680DD20634CFE00F88B18 /* AppStatusItem.m */; };
		557680E220634D0000F88B18 /* AppStatusView.m in Sources */ = {isa = PBXBuildFile; fileRef = 557680DF20634CFF00F88B18 /* AppStatusView.m */; };
		557680E520634F1100F88B18 /* GameViewController.m in Sources */ = {isa = PBXBuildFile; fileRef = 557680E420634F1000F88B18 /* GameViewController.m */; };
		557E860020608B8D009E8A11 /* GeoTile.m in Sources */ = {isa = PBXBuildFile; fileRef = 557E85FC20608B8B009E8A11 /* GeoTile.m */; };
		557E860120608B8D009E8A11 /* ItemEnums.m in Sources */ = {isa = PBXBuildFile; fileRef = 557E85FD20608B8B009E8A11 /* ItemEnums.m */; };
		557E860420608D1A009E8A11 /* NewTech.m in Sources */ = {isa = PBXBuildFile; fileRef = 557E860220608D19009E8A11 /* NewTech.m */; };
		557E86072060B4F9009E8A11 /* TileItem.m in Sources */ = {isa = PBXBuildFile; fileRef = 557E86052060B4F8009E8A11 /* TileItem.m */; };
/* End PBXBuildFile section */

/* Begin PBXFileReference section */
		551C2559205F0AA4007D8987 /* New Earth Next.app */ = {isa = PBXFileReference; explicitFileType = wrapper.application; includeInIndex = 0; path = "New Earth Next.app"; sourceTree = BUILT_PRODUCTS_DIR; };
		551C255C205F0AA4007D8987 /* AppDelegate.h */ = {isa = PBXFileReference; lastKnownFileType = sourcecode.c.h; path = AppDelegate.h; sourceTree = "<group>"; };
		551C255D205F0AA4007D8987 /* AppDelegate.m */ = {isa = PBXFileReference; lastKnownFileType = sourcecode.c.objc; path = AppDelegate.m; sourceTree = "<group>"; };
		551C255F205F0AA4007D8987 /* RootViewController.h */ = {isa = PBXFileReference; lastKnownFileType = sourcecode.c.h; path = RootViewController.h; sourceTree = "<group>"; };
		551C2560205F0AA4007D8987 /* RootViewController.m */ = {isa = PBXFileReference; lastKnownFileType = sourcecode.c.objc; path = RootViewController.m; sourceTree = "<group>"; };
		551C2562205F0AA4007D8987 /* DataViewController.h */ = {isa = PBXFileReference; lastKnownFileType = sourcecode.c.h; path = DataViewController.h; sourceTree = "<group>"; };
		551C2563205F0AA4007D8987 /* DataViewController.m */ = {isa = PBXFileReference; lastKnownFileType = sourcecode.c.objc; path = DataViewController.m; sourceTree = "<group>"; };
		551C2565205F0AA4007D8987 /* ModelController.h */ = {isa = PBXFileReference; lastKnownFileType = sourcecode.c.h; path = ModelController.h; sourceTree = "<group>"; };
		551C2566205F0AA4007D8987 /* ModelController.m */ = {isa = PBXFileReference; lastKnownFileType = sourcecode.c.objc; path = ModelController.m; sourceTree = "<group>"; };
		551C2569205F0AA4007D8987 /* Base */ = {isa = PBXFileReference; lastKnownFileType = file.storyboard; name = Base; path = Base.lproj/Main.storyboard; sourceTree = "<group>"; };
		551C256B205F0AA4007D8987 /* Assets.xcassets */ = {isa = PBXFileReference; lastKnownFileType = folder.assetcatalog; path = Assets.xcassets; sourceTree = "<group>"; };
		551C256E205F0AA4007D8987 /* Base */ = {isa = PBXFileReference; lastKnownFileType = file.storyboard; name = Base; path = Base.lproj/LaunchScreen.storyboard; sourceTree = "<group>"; };
		551C2570205F0AA4007D8987 /* Info.plist */ = {isa = PBXFileReference; lastKnownFileType = text.plist.xml; path = Info.plist; sourceTree = "<group>"; };
		551C2571205F0AA4007D8987 /* main.m */ = {isa = PBXFileReference; lastKnownFileType = sourcecode.c.objc; path = main.m; sourceTree = "<group>"; };
		551C2578205F1DC7007D8987 /* GameView.m */ = {isa = PBXFileReference; fileEncoding = 4; lastKnownFileType = sourcecode.c.objc; path = GameView.m; sourceTree = "<group>"; };
		551C2579205F1DC8007D8987 /* MapScrollView.m */ = {isa = PBXFileReference; fileEncoding = 4; lastKnownFileType = sourcecode.c.objc; path = MapScrollView.m; sourceTree = "<group>"; };
		551C257B205F1DCA007D8987 /* MapView.h */ = {isa = PBXFileReference; fileEncoding = 4; lastKnownFileType = sourcecode.c.h; path = MapView.h; sourceTree = "<group>"; };
		551C257C205F1DCA007D8987 /* GameView.h */ = {isa = PBXFileReference; fileEncoding = 4; lastKnownFileType = sourcecode.c.h; path = GameView.h; sourceTree = "<group>"; };
		551C257D205F1DCB007D8987 /* MapScrollView.h */ = {isa = PBXFileReference; fileEncoding = 4; lastKnownFileType = sourcecode.c.h; path = MapScrollView.h; sourceTree = "<group>"; };
		551C257F205F1DCC007D8987 /* MapView.m */ = {isa = PBXFileReference; fileEncoding = 4; lastKnownFileType = sourcecode.c.objc; path = MapView.m; sourceTree = "<group>"; };
		551C2584205F6B0D007D8987 /* Globals.m */ = {isa = PBXFileReference; fileEncoding = 4; lastKnownFileType = sourcecode.c.objc; path = Globals.m; sourceTree = "<group>"; };
		551C2585205F6B0E007D8987 /* Globals.h */ = {isa = PBXFileReference; fileEncoding = 4; lastKnownFileType = sourcecode.c.h; path = Globals.h; sourceTree = "<group>"; };
		557680CB206200F400F88B18 /* Grid View.m */ = {isa = PBXFileReference; fileEncoding = 4; lastKnownFileType = sourcecode.c.objc; path = "Grid View.m"; sourceTree = "<group>"; };
		557680CC206200F500F88B18 /* Grid View.h */ = {isa = PBXFileReference; fileEncoding = 4; lastKnownFileType = sourcecode.c.h; path = "Grid View.h"; sourceTree = "<group>"; };
		557680CE2062036500F88B18 /* Envelope.h */ = {isa = PBXFileReference; fileEncoding = 4; lastKnownFileType = sourcecode.c.h; path = Envelope.h; sourceTree = "<group>"; };
		557680CF2062036600F88B18 /* Envelope.m */ = {isa = PBXFileReference; fileEncoding = 4; lastKnownFileType = sourcecode.c.objc; path = Envelope.m; sourceTree = "<group>"; };
		557680D12062078200F88B18 /* UnitView.m */ = {isa = PBXFileReference; fileEncoding = 4; lastKnownFileType = sourcecode.c.objc; path = UnitView.m; sourceTree = "<group>"; };
		557680D22062078300F88B18 /* UnitView.h */ = {isa = PBXFileReference; fileEncoding = 4; lastKnownFileType = sourcecode.c.h; path = UnitView.h; sourceTree = "<group>"; };
		557680D42063338500F88B18 /* UnitInventory.m */ = {isa = PBXFileReference; fileEncoding = 4; lastKnownFileType = sourcecode.c.objc; path = UnitInventory.m; sourceTree = "<group>"; };
		557680D52063338500F88B18 /* UnitInventory.h */ = {isa = PBXFileReference; fileEncoding = 4; lastKnownFileType = sourcecode.c.h; path = UnitInventory.h; sourceTree = "<group>"; };
		557680D720633D3200F88B18 /* AvailTech.h */ = {isa = PBXFileReference; fileEncoding = 4; lastKnownFileType = sourcecode.c.h; path = AvailTech.h; sourceTree = "<group>"; };
		557680D820633D3200F88B18 /* AvailTech.m */ = {isa = PBXFileReference; fileEncoding = 4; lastKnownFileType = sourcecode.c.objc; path = AvailTech.m; sourceTree = "<group>"; };
		557680DA20634CFD00F88B18 /* AppStatusBarView.m */ = {isa = PBXFileReference; fileEncoding = 4; lastKnownFileType = sourcecode.c.objc; path = AppStatusBarView.m; sourceTree = "<group>"; };
		557680DB20634CFD00F88B18 /* AppStatusItem.h */ = {isa = PBXFileReference; fileEncoding = 4; lastKnownFileType = sourcecode.c.h; path = AppStatusItem.h; sourceTree = "<group>"; };
		557680DC20634CFD00F88B18 /* AppStatusBarView.h */ = {isa = PBXFileReference; fileEncoding = 4; lastKnownFileType = sourcecode.c.h; path = AppStatusBarView.h; sourceTree = "<group>"; };
		557680DD20634CFE00F88B18 /* AppStatusItem.m */ = {isa = PBXFileReference; fileEncoding = 4; lastKnownFileType = sourcecode.c.objc; path = AppStatusItem.m; sourceTree = "<group>"; };
		557680DE20634CFF00F88B18 /* AppStatusView.h */ = {isa = PBXFileReference; fileEncoding = 4; lastKnownFileType = sourcecode.c.h; path = AppStatusView.h; sourceTree = "<group>"; };
		557680DF20634CFF00F88B18 /* AppStatusView.m */ = {isa = PBXFileReference; fileEncoding = 4; lastKnownFileType = sourcecode.c.objc; path = AppStatusView.m; sourceTree = "<group>"; };
		557680E320634F1000F88B18 /* GameViewController.h */ = {isa = PBXFileReference; fileEncoding = 4; lastKnownFileType = sourcecode.c.h; path = GameViewController.h; sourceTree = "<group>"; };
		557680E420634F1000F88B18 /* GameViewController.m */ = {isa = PBXFileReference; fileEncoding = 4; lastKnownFileType = sourcecode.c.objc; path = GameViewController.m; sourceTree = "<group>"; };
		557E85FC20608B8B009E8A11 /* GeoTile.m */ = {isa = PBXFileReference; fileEncoding = 4; lastKnownFileType = sourcecode.c.objc; path = GeoTile.m; sourceTree = "<group>"; };
		557E85FD20608B8B009E8A11 /* ItemEnums.m */ = {isa = PBXFileReference; fileEncoding = 4; lastKnownFileType = sourcecode.c.objc; path = ItemEnums.m; sourceTree = "<group>"; };
		557E85FE20608B8B009E8A11 /* GeoTile.h */ = {isa = PBXFileReference; fileEncoding = 4; lastKnownFileType = sourcecode.c.h; path = GeoTile.h; sourceTree = "<group>"; };
		557E85FF20608B8C009E8A11 /* ItemEnums.h */ = {isa = PBXFileReference; fileEncoding = 4; lastKnownFileType = sourcecode.c.h; path = ItemEnums.h; sourceTree = "<group>"; };
		557E860220608D19009E8A11 /* NewTech.m */ = {isa = PBXFileReference; fileEncoding = 4; lastKnownFileType = sourcecode.c.objc; path = NewTech.m; sourceTree = "<group>"; };
		557E860320608D1A009E8A11 /* NewTech.h */ = {isa = PBXFileReference; fileEncoding = 4; lastKnownFileType = sourcecode.c.h; path = NewTech.h; sourceTree = "<group>"; };
		557E86052060B4F8009E8A11 /* TileItem.m */ = {isa = PBXFileReference; fileEncoding = 4; lastKnownFileType = sourcecode.c.objc; path = TileItem.m; sourceTree = "<group>"; };
		557E86062060B4F8009E8A11 /* TileItem.h */ = {isa = PBXFileReference; fileEncoding = 4; lastKnownFileType = sourcecode.c.h; path = TileItem.h; sourceTree = "<group>"; };
/* End PBXFileReference section */

/* Begin PBXFrameworksBuildPhase section */
		551C2556205F0AA4007D8987 /* Frameworks */ = {
			isa = PBXFrameworksBuildPhase;
			buildActionMask = 2147483647;
			files = (
			);
			runOnlyForDeploymentPostprocessing = 0;
		};
/* End PBXFrameworksBuildPhase section */

/* Begin PBXGroup section */
		551C2550205F0AA4007D8987 = {
			isa = PBXGroup;
			children = (
				551C255B205F0AA4007D8987 /* New Earth Next */,
				551C255A205F0AA4007D8987 /* Products */,
			);
			sourceTree = "<group>";
		};
		551C255A205F0AA4007D8987 /* Products */ = {
			isa = PBXGroup;
			children = (
				551C2559205F0AA4007D8987 /* New Earth Next.app */,
			);
			name = Products;
			sourceTree = "<group>";
		};
		551C255B205F0AA4007D8987 /* New Earth Next */ = {
			isa = PBXGroup;
			children = (
				551C255C205F0AA4007D8987 /* AppDelegate.h */,
				551C255D205F0AA4007D8987 /* AppDelegate.m */,
				551C255F205F0AA4007D8987 /* RootViewController.h */,
				551C2560205F0AA4007D8987 /* RootViewController.m */,
				557680E320634F1000F88B18 /* GameViewController.h */,
				557680E420634F1000F88B18 /* GameViewController.m */,
				551C257C205F1DCA007D8987 /* GameView.h */,
				551C2578205F1DC7007D8987 /* GameView.m */,
				557680DC20634CFD00F88B18 /* AppStatusBarView.h */,
				557680DA20634CFD00F88B18 /* AppStatusBarView.m */,
				557680DB20634CFD00F88B18 /* AppStatusItem.h */,
				557680DD20634CFE00F88B18 /* AppStatusItem.m */,
				557680DE20634CFF00F88B18 /* AppStatusView.h */,
				557680DF20634CFF00F88B18 /* AppStatusView.m */,
				557680D22062078300F88B18 /* UnitView.h */,
				557680D720633D3200F88B18 /* AvailTech.h */,
				557680D820633D3200F88B18 /* AvailTech.m */,
				557680D12062078200F88B18 /* UnitView.m */,
				557680CE2062036500F88B18 /* Envelope.h */,
				557680CF2062036600F88B18 /* Envelope.m */,
				557680CC206200F500F88B18 /* Grid View.h */,
				557680CB206200F400F88B18 /* Grid View.m */,
				557E860320608D1A009E8A11 /* NewTech.h */,
				557E860220608D19009E8A11 /* NewTech.m */,
				557E85FE20608B8B009E8A11 /* GeoTile.h */,
				557E85FC20608B8B009E8A11 /* GeoTile.m */,
				557E86062060B4F8009E8A11 /* TileItem.h */,
				557E86052060B4F8009E8A11 /* TileItem.m */,
				557E85FF20608B8C009E8A11 /* ItemEnums.h */,
				557E85FD20608B8B009E8A11 /* ItemEnums.m */,
				551C257D205F1DCB007D8987 /* MapScrollView.h */,
				551C2579205F1DC8007D8987 /* MapScrollView.m */,
				551C257B205F1DCA007D8987 /* MapView.h */,
				551C257F205F1DCC007D8987 /* MapView.m */,
				557680D52063338500F88B18 /* UnitInventory.h */,
				557680D42063338500F88B18 /* UnitInventory.m */,
				551C2562205F0AA4007D8987 /* DataViewController.h */,
				551C2563205F0AA4007D8987 /* DataViewController.m */,
				551C2565205F0AA4007D8987 /* ModelController.h */,
				551C2566205F0AA4007D8987 /* ModelController.m */,
				551C2568205F0AA4007D8987 /* Main.storyboard */,
				551C2585205F6B0E007D8987 /* Globals.h */,
				551C2584205F6B0D007D8987 /* Globals.m */,
				551C256B205F0AA4007D8987 /* Assets.xcassets */,
				551C256D205F0AA4007D8987 /* LaunchScreen.storyboard */,
				551C2570205F0AA4007D8987 /* Info.plist */,
				551C2571205F0AA4007D8987 /* main.m */,
			);
			path = "New Earth Next";
			sourceTree = "<group>";
		};
/* End PBXGroup section */

/* Begin PBXNativeTarget section */
		551C2558205F0AA4007D8987 /* New Earth Next */ = {
			isa = PBXNativeTarget;
			buildConfigurationList = 551C2575205F0AA4007D8987 /* Build configuration list for PBXNativeTarget "New Earth Next" */;
			buildPhases = (
				551C2555205F0AA4007D8987 /* Sources */,
				551C2556205F0AA4007D8987 /* Frameworks */,
				551C2557205F0AA4007D8987 /* Resources */,
			);
			buildRules = (
			);
			dependencies = (
			);
			name = "New Earth Next";
			productName = "New Earth Next";
			productReference = 551C2559205F0AA4007D8987 /* New Earth Next.app */;
			productType = "com.apple.product-type.application";
		};
/* End PBXNativeTarget section */

/* Begin PBXProject section */
		551C2551205F0AA4007D8987 /* Project object */ = {
			isa = PBXProject;
			attributes = {
				LastUpgradeCheck = 0920;
				ORGANIZATIONNAME = "Big Dog Tools";
				TargetAttributes = {
					551C2558205F0AA4007D8987 = {
						CreatedOnToolsVersion = 9.2;
						ProvisioningStyle = Automatic;
					};
				};
			};
			buildConfigurationList = 551C2554205F0AA4007D8987 /* Build configuration list for PBXProject "New Earth Next" */;
			compatibilityVersion = "Xcode 8.0";
			developmentRegion = en;
			hasScannedForEncodings = 0;
			knownRegions = (
				en,
				Base,
			);
			mainGroup = 551C2550205F0AA4007D8987;
			productRefGroup = 551C255A205F0AA4007D8987 /* Products */;
			projectDirPath = "";
			projectRoot = "";
			targets = (
				551C2558205F0AA4007D8987 /* New Earth Next */,
			);
		};
/* End PBXProject section */

/* Begin PBXResourcesBuildPhase section */
		551C2557205F0AA4007D8987 /* Resources */ = {
			isa = PBXResourcesBuildPhase;
			buildActionMask = 2147483647;
			files = (
				551C256F205F0AA4007D8987 /* LaunchScreen.storyboard in Resources */,
				551C256C205F0AA4007D8987 /* Assets.xcassets in Resources */,
				551C256A205F0AA4007D8987 /* Main.storyboard in Resources */,
			);
			runOnlyForDeploymentPostprocessing = 0;
		};
/* End PBXResourcesBuildPhase section */

/* Begin PBXSourcesBuildPhase section */
		551C2555205F0AA4007D8987 /* Sources */ = {
			isa = PBXSourcesBuildPhase;
			buildActionMask = 2147483647;
			files = (
				557E860420608D1A009E8A11 /* NewTech.m in Sources */,
				557680D62063338500F88B18 /* UnitInventory.m in Sources */,
				557E860020608B8D009E8A11 /* GeoTile.m in Sources */,
				557680D02062036600F88B18 /* Envelope.m in Sources */,
				551C2580205F1DCC007D8987 /* GameView.m in Sources */,
				557680E220634D0000F88B18 /* AppStatusView.m in Sources */,
				557680D32062078400F88B18 /* UnitView.m in Sources */,
				557E86072060B4F9009E8A11 /* TileItem.m in Sources */,
				551C2572205F0AA4007D8987 /* main.m in Sources */,
				557680E120634D0000F88B18 /* AppStatusItem.m in Sources */,
				557680CD206200F600F88B18 /* Grid View.m in Sources */,
				551C2561205F0AA4007D8987 /* RootViewController.m in Sources */,
				557680E520634F1100F88B18 /* GameViewController.m in Sources */,
				557680D920633D3200F88B18 /* AvailTech.m in Sources */,
				551C2567205F0AA4007D8987 /* ModelController.m in Sources */,
				551C2581205F1DCC007D8987 /* MapScrollView.m in Sources */,
				557680E020634D0000F88B18 /* AppStatusBarView.m in Sources */,
				551C2564205F0AA4007D8987 /* DataViewController.m in Sources */,
				551C2583205F1DCC007D8987 /* MapView.m in Sources */,
				557E860120608B8D009E8A11 /* ItemEnums.m in Sources */,
				551C2586205F6B0E007D8987 /* Globals.m in Sources */,
				551C255E205F0AA4007D8987 /* AppDelegate.m in Sources */,
			);
			runOnlyForDeploymentPostprocessing = 0;
		};
/* End PBXSourcesBuildPhase section */

/* Begin PBXVariantGroup section */
		551C2568205F0AA4007D8987 /* Main.storyboard */ = {
			isa = PBXVariantGroup;
			children = (
				551C2569205F0AA4007D8987 /* Base */,
			);
			name = Main.storyboard;
			sourceTree = "<group>";
		};
		551C256D205F0AA4007D8987 /* LaunchScreen.storyboard */ = {
			isa = PBXVariantGroup;
			children = (
				551C256E205F0AA4007D8987 /* Base */,
			);
			name = LaunchScreen.storyboard;
			sourceTree = "<group>";
		};
/* End PBXVariantGroup section */

/* Begin XCBuildConfiguration section */
		551C2573205F0AA4007D8987 /* Debug */ = {
			isa = XCBuildConfiguration;
			buildSettings = {
				ALWAYS_SEARCH_USER_PATHS = NO;
				CLANG_ANALYZER_NONNULL = YES;
				CLANG_ANALYZER_NUMBER_OBJECT_CONVERSION = YES_AGGRESSIVE;
				CLANG_CXX_LANGUAGE_STANDARD = "gnu++14";
				CLANG_CXX_LIBRARY = "libc++";
				CLANG_ENABLE_MODULES = YES;
				CLANG_ENABLE_OBJC_ARC = YES;
				CLANG_WARN_BLOCK_CAPTURE_AUTORELEASING = YES;
				CLANG_WARN_BOOL_CONVERSION = YES;
				CLANG_WARN_COMMA = YES;
				CLANG_WARN_CONSTANT_CONVERSION = YES;
				CLANG_WARN_DIRECT_OBJC_ISA_USAGE = YES_ERROR;
				CLANG_WARN_DOCUMENTATION_COMMENTS = YES;
				CLANG_WARN_EMPTY_BODY = YES;
				CLANG_WARN_ENUM_CONVERSION = YES;
				CLANG_WARN_INFINITE_RECURSION = YES;
				CLANG_WARN_INT_CONVERSION = YES;
				CLANG_WARN_NON_LITERAL_NULL_CONVERSION = YES;
				CLANG_WARN_OBJC_LITERAL_CONVERSION = YES;
				CLANG_WARN_OBJC_ROOT_CLASS = YES_ERROR;
				CLANG_WARN_RANGE_LOOP_ANALYSIS = YES;
				CLANG_WARN_STRICT_PROTOTYPES = YES;
				CLANG_WARN_SUSPICIOUS_MOVE = YES;
				CLANG_WARN_UNGUARDED_AVAILABILITY = YES_AGGRESSIVE;
				CLANG_WARN_UNREACHABLE_CODE = YES;
				CLANG_WARN__DUPLICATE_METHOD_MATCH = YES;
				CODE_SIGN_IDENTITY = "iPhone Developer";
				COPY_PHASE_STRIP = NO;
				DEBUG_INFORMATION_FORMAT = dwarf;
				ENABLE_STRICT_OBJC_MSGSEND = YES;
				ENABLE_TESTABILITY = YES;
				GCC_C_LANGUAGE_STANDARD = gnu11;
				GCC_DYNAMIC_NO_PIC = NO;
				GCC_NO_COMMON_BLOCKS = YES;
				GCC_OPTIMIZATION_LEVEL = 0;
				GCC_PREPROCESSOR_DEFINITIONS = (
					"DEBUG=1",
					"$(inherited)",
				);
				GCC_WARN_64_TO_32_BIT_CONVERSION = YES;
				GCC_WARN_ABOUT_RETURN_TYPE = YES_ERROR;
				GCC_WARN_UNDECLARED_SELECTOR = YES;
				GCC_WARN_UNINITIALIZED_AUTOS = YES_AGGRESSIVE;
				GCC_WARN_UNUSED_FUNCTION = YES;
				GCC_WARN_UNUSED_VARIABLE = YES;
				IPHONEOS_DEPLOYMENT_TARGET = 11.2;
				MTL_ENABLE_DEBUG_INFO = YES;
				ONLY_ACTIVE_ARCH = YES;
				SDKROOT = iphoneos;
			};
			name = Debug;
		};
		551C2574205F0AA4007D8987 /* Release */ = {
			isa = XCBuildConfiguration;
			buildSettings = {
				ALWAYS_SEARCH_USER_PATHS = NO;
				CLANG_ANALYZER_NONNULL = YES;
				CLANG_ANALYZER_NUMBER_OBJECT_CONVERSION = YES_AGGRESSIVE;
				CLANG_CXX_LANGUAGE_STANDARD = "gnu++14";
				CLANG_CXX_LIBRARY = "libc++";
				CLANG_ENABLE_MODULES = YES;
				CLANG_ENABLE_OBJC_ARC = YES;
				CLANG_WARN_BLOCK_CAPTURE_AUTORELEASING = YES;
				CLANG_WARN_BOOL_CONVERSION = YES;
				CLANG_WARN_COMMA = YES;
				CLANG_WARN_CONSTANT_CONVERSION = YES;
				CLANG_WARN_DIRECT_OBJC_ISA_USAGE = YES_ERROR;
				CLANG_WARN_DOCUMENTATION_COMMENTS = YES;
				CLANG_WARN_EMPTY_BODY = YES;
				CLANG_WARN_ENUM_CONVERSION = YES;
				CLANG_WARN_INFINITE_RECURSION = YES;
				CLANG_WARN_INT_CONVERSION = YES;
				CLANG_WARN_NON_LITERAL_NULL_CONVERSION = YES;
				CLANG_WARN_OBJC_LITERAL_CONVERSION = YES;
				CLANG_WARN_OBJC_ROOT_CLASS = YES_ERROR;
				CLANG_WARN_RANGE_LOOP_ANALYSIS = YES;
				CLANG_WARN_STRICT_PROTOTYPES = YES;
				CLANG_WARN_SUSPICIOUS_MOVE = YES;
				CLANG_WARN_UNGUARDED_AVAILABILITY = YES_AGGRESSIVE;
				CLANG_WARN_UNREACHABLE_CODE = YES;
				CLANG_WARN__DUPLICATE_METHOD_MATCH = YES;
				CODE_SIGN_IDENTITY = "iPhone Developer";
				COPY_PHASE_STRIP = NO;
				DEBUG_INFORMATION_FORMAT = "dwarf-with-dsym";
				ENABLE_NS_ASSERTIONS = NO;
				ENABLE_STRICT_OBJC_MSGSEND = YES;
				GCC_C_LANGUAGE_STANDARD = gnu11;
				GCC_NO_COMMON_BLOCKS = YES;
				GCC_WARN_64_TO_32_BIT_CONVERSION = YES;
				GCC_WARN_ABOUT_RETURN_TYPE = YES_ERROR;
				GCC_WARN_UNDECLARED_SELECTOR = YES;
				GCC_WARN_UNINITIALIZED_AUTOS = YES_AGGRESSIVE;
				GCC_WARN_UNUSED_FUNCTION = YES;
				GCC_WARN_UNUSED_VARIABLE = YES;
				IPHONEOS_DEPLOYMENT_TARGET = 11.2;
				MTL_ENABLE_DEBUG_INFO = NO;
				SDKROOT = iphoneos;
				VALIDATE_PRODUCT = YES;
			};
			name = Release;
		};
		551C2576205F0AA4007D8987 /* Debug */ = {
			isa = XCBuildConfiguration;
			buildSettings = {
				ASSETCATALOG_COMPILER_APPICON_NAME = AppIcon;
				CODE_SIGN_STYLE = Automatic;
				DEVELOPMENT_TEAM = 4EPTA2P3JC;
				INFOPLIST_FILE = "New Earth Next/Info.plist";
				IPHONEOS_DEPLOYMENT_TARGET = 9.3;
				LD_RUNPATH_SEARCH_PATHS = "$(inherited) @executable_path/Frameworks";
				PRODUCT_BUNDLE_IDENTIFIER = "com.bigdogtools.New-Earth-Next";
				PRODUCT_NAME = "$(TARGET_NAME)";
				TARGETED_DEVICE_FAMILY = "1,2";
			};
			name = Debug;
		};
		551C2577205F0AA4007D8987 /* Release */ = {
			isa = XCBuildConfiguration;
			buildSettings = {
				ASSETCATALOG_COMPILER_APPICON_NAME = AppIcon;
				CODE_SIGN_STYLE = Automatic;
				DEVELOPMENT_TEAM = 4EPTA2P3JC;
				INFOPLIST_FILE = "New Earth Next/Info.plist";
				IPHONEOS_DEPLOYMENT_TARGET = 9.3;
				LD_RUNPATH_SEARCH_PATHS = "$(inherited) @executable_path/Frameworks";
				PRODUCT_BUNDLE_IDENTIFIER = "com.bigdogtools.New-Earth-Next";
				PRODUCT_NAME = "$(TARGET_NAME)";
				TARGETED_DEVICE_FAMILY = "1,2";
			};
			name = Release;
		};
/* End XCBuildConfiguration section */

/* Begin XCConfigurationList section */
		551C2554205F0AA4007D8987 /* Build configuration list for PBXProject "New Earth Next" */ = {
			isa = XCConfigurationList;
			buildConfigurations = (
				551C2573205F0AA4007D8987 /* Debug */,
				551C2574205F0AA4007D8987 /* Release */,
			);
			defaultConfigurationIsVisible = 0;
			defaultConfigurationName = Release;
		};
		551C2575205F0AA4007D8987 /* Build configuration list for PBXNativeTarget "New Earth Next" */ = {
			isa = XCConfigurationList;
			buildConfigurations = (
				551C2576205F0AA4007D8987 /* Debug */,
				551C2577205F0AA4007D8987 /* Release */,
			);
			defaultConfigurationIsVisible = 0;
			defaultConfigurationName = Release;
		};
/* End XCConfigurationList section */
	};
	rootObject = 551C2551205F0AA4007D8987 /* Project object */;
}
